Microsoft Visual Studio Solution File, Format Version 11.00
# Visual Studio 2008

Project("{A17C1DAB-E7E6-29B0-9AEA-3FCC31519EA5}") = "Final_project", "Assembly-CSharp-firstpass.csproj", "{69F1B725-B198-D190-F9E3-A7AFD3377B33}"
EndProject
Project("{A17C1DAB-E7E6-29B0-9AEA-3FCC31519EA5}") = "Final_project", "Assembly-CSharp.csproj", "{20FF15CB-7BD8-3074-A3C9-7B7BB4CC036F}"
EndProject
Project("{A17C1DAB-E7E6-29B0-9AEA-3FCC31519EA5}") = "Final_project", "Assembly-CSharp-Editor.csproj", "{9C490C7D-F2D5-6905-488B-CB89CF9732A4}"
EndProject
Global
	GlobalSection(SolutionConfigurationPlatforms) = preSolution
		Debug|Any CPU = Debug|Any CPU
		Release|Any CPU = Release|Any CPU
	EndGlobalSection
	GlobalSection(ProjectConfigurationPlatforms) = postSolution
		{69F1B725-B198-D190-F9E3-A7AFD3377B33}.Debug|Any CPU.ActiveCfg = Debug|Any CPU
		{69F1B725-B198-D190-F9E3-A7AFD3377B33}.Debug|Any CPU.Build.0 = Debug|Any CPU
		{69F1B725-B198-D190-F9E3-A7AFD3377B33}.Release|Any CPU.ActiveCfg = Release|Any CPU
		{69F1B725-B198-D190-F9E3-A7AFD3377B33}.Release|Any CPU.Build.0 = Release|Any CPU
		{20FF15CB-7BD8-3074-A3C9-7B7BB4CC036F}.Debug|Any CPU.ActiveCfg = Debug|Any CPU
		{20FF15CB-7BD8-3074-A3C9-7B7BB4CC036F}.Debug|Any CPU.Build.0 = Debug|Any CPU
		{20FF15CB-7BD8-3074-A3C9-7B7BB4CC036F}.Release|Any CPU.ActiveCfg = Release|Any CPU
		{20FF15CB-7BD8-3074-A3C9-7B7BB4CC036F}.Release|Any CPU.Build.0 = Release|Any CPU
		{9C490C7D-F2D5-6905-488B-CB89CF9732A4}.Debug|Any CPU.ActiveCfg = Debug|Any CPU
		{9C490C7D-F2D5-6905-488B-CB89CF9732A4}.Debug|Any CPU.Build.0 = Debug|Any CPU
		{9C490C7D-F2D5-6905-488B-CB89CF9732A4}.Release|Any CPU.ActiveCfg = Release|Any CPU
		{9C490C7D-F2D5-6905-488B-CB89CF9732A4}.Release|Any CPU.Build.0 = Release|Any CPU
	EndGlobalSection
	GlobalSection(SolutionProperties) = preSolution
		HideSolutionNode = FALSE
	EndGlobalSection
	GlobalSection(MonoDevelopProperties) = preSolution
		StartupItem = Assembly-CSharp.csproj
	EndGlobalSection
EndGlobal
