Microsoft Visual Studio Solution File, Format Version 11.00
# Visual Studio 2008

Project("{036CDFFE-5496-9833-43E0-0CD4999E5B3F}") = "Project_4", "Assembly-CSharp.csproj", "{512AE3D8-A912-3011-6D52-FA251AE47B77}"
EndProject
Global
	GlobalSection(SolutionConfigurationPlatforms) = preSolution
		Debug|Any CPU = Debug|Any CPU
		Release|Any CPU = Release|Any CPU
	EndGlobalSection
	GlobalSection(ProjectConfigurationPlatforms) = postSolution
		{512AE3D8-A912-3011-6D52-FA251AE47B77}.Debug|Any CPU.ActiveCfg = Debug|Any CPU
		{512AE3D8-A912-3011-6D52-FA251AE47B77}.Debug|Any CPU.Build.0 = Debug|Any CPU
		{512AE3D8-A912-3011-6D52-FA251AE47B77}.Release|Any CPU.ActiveCfg = Release|Any CPU
		{512AE3D8-A912-3011-6D52-FA251AE47B77}.Release|Any CPU.Build.0 = Release|Any CPU
	EndGlobalSection
	GlobalSection(SolutionProperties) = preSolution
		HideSolutionNode = FALSE
	EndGlobalSection
	GlobalSection(MonoDevelopProperties) = preSolution
		StartupItem = Assembly-CSharp.csproj
	EndGlobalSection
EndGlobal
